
Microsoft Visual Studio Solution File, Format Version 12.00
# Main solution folders
Project("{2150E333-8FDC-42A3-9474-1A3956D46DE8}") = "src", "src", "{7E7E8A2E-8E6D-4AE5-BA9A-B0E1BA580A7E}"
EndProject
Project("{2150E333-8FDC-42A3-9474-1A3956D46DE8}") = "tests", "tests", "{FB0377D7-403D-4B4E-B880-8F647FDB90E1}"
EndProject
Project("{2150E333-8FDC-42A3-9474-1A3956D46DE8}") = "Core", "Core", "{6D5880AB-18BB-42B2-BAD0-3C6363444658}"
EndProject
Project("{2150E333-8FDC-42A3-9474-1A3956D46DE8}") = "ML", "ML", "{A1B2C3D4-E5F6-7890-A1B2-C3D4E5F67890}"
EndProject
Project("{2150E333-8FDC-42A3-9474-1A3956D46DE8}") = "Strategy", "Strategy", "{B2C3D4E5-F6A1-8901-B2C3-D4E5F6A18901}"
EndProject
Project("{2150E333-8FDC-42A3-9474-1A3956D46DE8}") = "Adapters", "Adapters", "{C3D4E5F6-A1B2-9012-C3D4-E5F6A1B29012}"
EndProject
Project("{2150E333-8FDC-42A3-9474-1A3956D46DE8}") = "Infrastructure", "Infrastructure", "{D4E5F6A1-B2C3-0123-D4E5-F6A1B2C30123}"
EndProject
Project("{2150E333-8FDC-42A3-9474-1A3956D46DE8}") = "Apps", "Apps", "{E5F6A1B2-C3D4-1234-E5F6-A1B2C3D41234}"
EndProject
Project("{2150E333-8FDC-42A3-9474-1A3956D46DE8}") = "Shared", "Shared", "{F6A1B2C3-D4E5-2345-F6A1-B2C3D4E52345}"
EndProject
Project("{2150E333-8FDC-42A3-9474-1A3956D46DE8}") = "Unit", "Unit", "{A1B2C3D4-E5F6-3456-A1B2-C3D4E5F63456}"
EndProject
Project("{2150E333-8FDC-42A3-9474-1A3956D46DE8}") = "Integration", "Integration", "{B2C3D4E5-F6A1-4567-B2C3-D4E5F6A14567}"
EndProject
Project("{FAE04EC0-301F-11D3-BF4B-00C04F79EFBC}") = "Trading.Core", "src\Trading.Core\Trading.Core.csproj", "{D52BCEBD-8C86-4E53-9953-1651DFB329D7}"
EndProject
Project("{FAE04EC0-301F-11D3-BF4B-00C04F79EFBC}") = "Trading.Features", "src\Trading.Features\Trading.Features.csproj", "{7286F8B3-F766-4631-BBE7-E1EFFBBA9F69}"
EndProject
Project("{FAE04EC0-301F-11D3-BF4B-00C04F79EFBC}") = "Trading.Labeling", "src\Trading.Labeling\Trading.Labeling.csproj", "{8B60D3F0-A096-4B79-B17C-B12F83C33AD5}"
EndProject
Project("{FAE04EC0-301F-11D3-BF4B-00C04F79EFBC}") = "Trading.Policy", "src\Trading.Policy\Trading.Policy.csproj", "{35E98E4E-21C0-4BAB-A443-17C7A8BCCF96}"
EndProject
Project("{FAE04EC0-301F-11D3-BF4B-00C04F79EFBC}") = "Trading.Decision", "src\Trading.Decision\Trading.Decision.csproj", "{679D0E19-C535-41EB-8BEF-A61F4EF69289}"
EndProject
Project("{FAE04EC0-301F-11D3-BF4B-00C04F79EFBC}") = "Trading.Exchanges.Binance", "src\Trading.Exchanges.Binance\Trading.Exchanges.Binance.csproj", "{6194A821-683F-421A-B971-CBFFA29FCFFD}"
EndProject
Project("{FAE04EC0-301F-11D3-BF4B-00C04F79EFBC}") = "Trading.Exchanges.Bitget", "src\Trading.Exchanges.Bitget\Trading.Exchanges.Bitget.csproj", "{19AF7DD2-2B68-42B0-8B9D-9F9E99D31406}"
EndProject
Project("{FAE04EC0-301F-11D3-BF4B-00C04F79EFBC}") = "Trading.Backtest.Adapter", "src\Trading.Backtest.Adapter\Trading.Backtest.Adapter.csproj", "{9CBABC04-9283-419D-84F9-4D7E671C2F1A}"
EndProject
Project("{FAE04EC0-301F-11D3-BF4B-00C04F79EFBC}") = "Trading.Persistence", "src\Trading.Persistence\Trading.Persistence.csproj", "{F4BC0970-892A-4E10-8D09-621F9BBD28C2}"
EndProject
Project("{FAE04EC0-301F-11D3-BF4B-00C04F79EFBC}") = "Trading.Telemetry", "src\Trading.Telemetry\Trading.Telemetry.csproj", "{AC82C42A-7EAF-4647-AB27-DC8471CB489C}"
EndProject
Project("{FAE04EC0-301F-11D3-BF4B-00C04F79EFBC}") = "Trading.Train", "src\Trading.Train\Trading.Train.csproj", "{C8A046CC-3666-4979-9750-A74D9FE1E058}"
EndProject
Project("{FAE04EC0-301F-11D3-BF4B-00C04F79EFBC}") = "Trading.Backtest", "src\Trading.Backtest\Trading.Backtest.csproj", "{0DC65533-4D6B-4C43-92BE-08B10B4012D6}"
EndProject
Project("{FAE04EC0-301F-11D3-BF4B-00C04F79EFBC}") = "Trading.Live", "src\Trading.Live\Trading.Live.csproj", "{A0DC7362-C611-412E-BB29-56D861516A19}"
EndProject
Project("{FAE04EC0-301F-11D3-BF4B-00C04F79EFBC}") = "Trading.Tests.Core", "tests\Trading.Tests.Core\Trading.Tests.Core.csproj", "{6248ECE5-6B28-43EA-9C13-BF07BD76BBC3}"
EndProject
Project("{FAE04EC0-301F-11D3-BF4B-00C04F79EFBC}") = "Trading.Foundation.Tests", "tests\Trading.Foundation.Tests\Trading.Foundation.Tests.csproj", "{32C5D0A2-6ED3-46FD-A16A-F5CBB5EDFA7A}"
EndProject
Project("{FAE04EC0-301F-11D3-BF4B-00C04F79EFBC}") = "Trading.Features.Tests", "tests\Trading.Features.Tests\Trading.Features.Tests.csproj", "{AB7F5A27-6885-4CC4-9680-5119B3A2F2AC}"
EndProject
Project("{FAE04EC0-301F-11D3-BF4B-00C04F79EFBC}") = "Trading.Labeling.Tests", "tests\Trading.Labeling.Tests\Trading.Labeling.Tests.csproj", "{A56BA8B3-0D37-4151-9DD4-7C6FE31D864D}"
EndProject
Project("{FAE04EC0-301F-11D3-BF4B-00C04F79EFBC}") = "Trading.Policy.Tests", "tests\Trading.Policy.Tests\Trading.Policy.Tests.csproj", "{0680EFE3-A40A-4B4D-B8D3-F22761B0852A}"
EndProject
Project("{FAE04EC0-301F-11D3-BF4B-00C04F79EFBC}") = "Trading.Decision.Tests", "tests\Trading.Decision.Tests\Trading.Decision.Tests.csproj", "{6F455899-C889-4D89-BD48-C26E1D23602E}"
EndProject
Project("{FAE04EC0-301F-11D3-BF4B-00C04F79EFBC}") = "Trading.Exchanges.Binance.Tests", "tests\Trading.Exchanges.Binance.Tests\Trading.Exchanges.Binance.Tests.csproj", "{235E3CE9-F659-4127-B92F-D60ADBA524B2}"
EndProject
Project("{FAE04EC0-301F-11D3-BF4B-00C04F79EFBC}") = "Trading.Persistence.Tests", "tests\Trading.Persistence.Tests\Trading.Persistence.Tests.csproj", "{5D6B07C9-6D4D-41A6-B341-BC7A0A42E1F8}"
EndProject
Project("{FAE04EC0-301F-11D3-BF4B-00C04F79EFBC}") = "Trading.Backtest.Adapter.Tests", "tests\Trading.Backtest.Adapter.Tests\Trading.Backtest.Adapter.Tests.csproj", "{1A853F46-38ED-44DE-A7ED-1D2B63F54F85}"
EndProject
Project("{FAE04EC0-301F-11D3-BF4B-00C04F79EFBC}") = "Trading.Backtest.Tests", "tests\Trading.Backtest.Tests\Trading.Backtest.Tests.csproj", "{A8EA582C-AAFE-4D1F-B2CB-1B21248AC647}"
EndProject
Project("{FAE04EC0-301F-11D3-BF4B-00C04F79EFBC}") = "Trading.Live.Tests", "tests\Trading.Live.Tests\Trading.Live.Tests.csproj", "{7CAD6C8C-3242-4AD5-A843-B2D96E2D7E22}"
EndProject
Project("{FAE04EC0-301F-11D3-BF4B-00C04F79EFBC}") = "Trading.Foundation", "src\core\Trading.Foundation\Trading.Foundation.csproj", "{553FE8FE-E62F-4C55-8C65-CE24F1F85878}"
EndProject
Global
	GlobalSection(SolutionConfigurationPlatforms) = preSolution
		Debug|Any CPU = Debug|Any CPU
		Debug|x64 = Debug|x64
		Debug|x86 = Debug|x86
		Release|Any CPU = Release|Any CPU
		Release|x64 = Release|x64
		Release|x86 = Release|x86
	EndGlobalSection
	GlobalSection(ProjectConfigurationPlatforms) = postSolution
		{D52BCEBD-8C86-4E53-9953-1651DFB329D7}.Debug|Any CPU.ActiveCfg = Debug|Any CPU
		{D52BCEBD-8C86-4E53-9953-1651DFB329D7}.Debug|Any CPU.Build.0 = Debug|Any CPU
		{D52BCEBD-8C86-4E53-9953-1651DFB329D7}.Debug|x64.ActiveCfg = Debug|Any CPU
		{D52BCEBD-8C86-4E53-9953-1651DFB329D7}.Debug|x64.Build.0 = Debug|Any CPU
		{D52BCEBD-8C86-4E53-9953-1651DFB329D7}.Debug|x86.ActiveCfg = Debug|Any CPU
		{D52BCEBD-8C86-4E53-9953-1651DFB329D7}.Debug|x86.Build.0 = Debug|Any CPU
		{D52BCEBD-8C86-4E53-9953-1651DFB329D7}.Release|Any CPU.ActiveCfg = Release|Any CPU
		{D52BCEBD-8C86-4E53-9953-1651DFB329D7}.Release|Any CPU.Build.0 = Release|Any CPU
		{D52BCEBD-8C86-4E53-9953-1651DFB329D7}.Release|x64.ActiveCfg = Release|Any CPU
		{D52BCEBD-8C86-4E53-9953-1651DFB329D7}.Release|x64.Build.0 = Release|Any CPU
		{D52BCEBD-8C86-4E53-9953-1651DFB329D7}.Release|x86.ActiveCfg = Release|Any CPU
		{D52BCEBD-8C86-4E53-9953-1651DFB329D7}.Release|x86.Build.0 = Release|Any CPU
		{7286F8B3-F766-4631-BBE7-E1EFFBBA9F69}.Debug|Any CPU.ActiveCfg = Debug|Any CPU
		{7286F8B3-F766-4631-BBE7-E1EFFBBA9F69}.Debug|Any CPU.Build.0 = Debug|Any CPU
		{7286F8B3-F766-4631-BBE7-E1EFFBBA9F69}.Debug|x64.ActiveCfg = Debug|Any CPU
		{7286F8B3-F766-4631-BBE7-E1EFFBBA9F69}.Debug|x64.Build.0 = Debug|Any CPU
		{7286F8B3-F766-4631-BBE7-E1EFFBBA9F69}.Debug|x86.ActiveCfg = Debug|Any CPU
		{7286F8B3-F766-4631-BBE7-E1EFFBBA9F69}.Debug|x86.Build.0 = Debug|Any CPU
		{7286F8B3-F766-4631-BBE7-E1EFFBBA9F69}.Release|Any CPU.ActiveCfg = Release|Any CPU
		{7286F8B3-F766-4631-BBE7-E1EFFBBA9F69}.Release|Any CPU.Build.0 = Release|Any CPU
		{7286F8B3-F766-4631-BBE7-E1EFFBBA9F69}.Release|x64.ActiveCfg = Release|Any CPU
		{7286F8B3-F766-4631-BBE7-E1EFFBBA9F69}.Release|x64.Build.0 = Release|Any CPU
		{7286F8B3-F766-4631-BBE7-E1EFFBBA9F69}.Release|x86.ActiveCfg = Release|Any CPU
		{7286F8B3-F766-4631-BBE7-E1EFFBBA9F69}.Release|x86.Build.0 = Release|Any CPU
		{8B60D3F0-A096-4B79-B17C-B12F83C33AD5}.Debug|Any CPU.ActiveCfg = Debug|Any CPU
		{8B60D3F0-A096-4B79-B17C-B12F83C33AD5}.Debug|Any CPU.Build.0 = Debug|Any CPU
		{8B60D3F0-A096-4B79-B17C-B12F83C33AD5}.Debug|x64.ActiveCfg = Debug|Any CPU
		{8B60D3F0-A096-4B79-B17C-B12F83C33AD5}.Debug|x64.Build.0 = Debug|Any CPU
		{8B60D3F0-A096-4B79-B17C-B12F83C33AD5}.Debug|x86.ActiveCfg = Debug|Any CPU
		{8B60D3F0-A096-4B79-B17C-B12F83C33AD5}.Debug|x86.Build.0 = Debug|Any CPU
		{8B60D3F0-A096-4B79-B17C-B12F83C33AD5}.Release|Any CPU.ActiveCfg = Release|Any CPU
		{8B60D3F0-A096-4B79-B17C-B12F83C33AD5}.Release|Any CPU.Build.0 = Release|Any CPU
		{8B60D3F0-A096-4B79-B17C-B12F83C33AD5}.Release|x64.ActiveCfg = Release|Any CPU
		{8B60D3F0-A096-4B79-B17C-B12F83C33AD5}.Release|x64.Build.0 = Release|Any CPU
		{8B60D3F0-A096-4B79-B17C-B12F83C33AD5}.Release|x86.ActiveCfg = Release|Any CPU
		{8B60D3F0-A096-4B79-B17C-B12F83C33AD5}.Release|x86.Build.0 = Release|Any CPU
		{35E98E4E-21C0-4BAB-A443-17C7A8BCCF96}.Debug|Any CPU.ActiveCfg = Debug|Any CPU
		{35E98E4E-21C0-4BAB-A443-17C7A8BCCF96}.Debug|Any CPU.Build.0 = Debug|Any CPU
		{35E98E4E-21C0-4BAB-A443-17C7A8BCCF96}.Debug|x64.ActiveCfg = Debug|Any CPU
		{35E98E4E-21C0-4BAB-A443-17C7A8BCCF96}.Debug|x64.Build.0 = Debug|Any CPU
		{35E98E4E-21C0-4BAB-A443-17C7A8BCCF96}.Debug|x86.ActiveCfg = Debug|Any CPU
		{35E98E4E-21C0-4BAB-A443-17C7A8BCCF96}.Debug|x86.Build.0 = Debug|Any CPU
		{35E98E4E-21C0-4BAB-A443-17C7A8BCCF96}.Release|Any CPU.ActiveCfg = Release|Any CPU
		{35E98E4E-21C0-4BAB-A443-17C7A8BCCF96}.Release|Any CPU.Build.0 = Release|Any CPU
		{35E98E4E-21C0-4BAB-A443-17C7A8BCCF96}.Release|x64.ActiveCfg = Release|Any CPU
		{35E98E4E-21C0-4BAB-A443-17C7A8BCCF96}.Release|x64.Build.0 = Release|Any CPU
		{35E98E4E-21C0-4BAB-A443-17C7A8BCCF96}.Release|x86.ActiveCfg = Release|Any CPU
		{35E98E4E-21C0-4BAB-A443-17C7A8BCCF96}.Release|x86.Build.0 = Release|Any CPU
		{679D0E19-C535-41EB-8BEF-A61F4EF69289}.Debug|Any CPU.ActiveCfg = Debug|Any CPU
		{679D0E19-C535-41EB-8BEF-A61F4EF69289}.Debug|Any CPU.Build.0 = Debug|Any CPU
		{679D0E19-C535-41EB-8BEF-A61F4EF69289}.Debug|x64.ActiveCfg = Debug|Any CPU
		{679D0E19-C535-41EB-8BEF-A61F4EF69289}.Debug|x64.Build.0 = Debug|Any CPU
		{679D0E19-C535-41EB-8BEF-A61F4EF69289}.Debug|x86.ActiveCfg = Debug|Any CPU
		{679D0E19-C535-41EB-8BEF-A61F4EF69289}.Debug|x86.Build.0 = Debug|Any CPU
		{679D0E19-C535-41EB-8BEF-A61F4EF69289}.Release|Any CPU.ActiveCfg = Release|Any CPU
		{679D0E19-C535-41EB-8BEF-A61F4EF69289}.Release|Any CPU.Build.0 = Release|Any CPU
		{679D0E19-C535-41EB-8BEF-A61F4EF69289}.Release|x64.ActiveCfg = Release|Any CPU
		{679D0E19-C535-41EB-8BEF-A61F4EF69289}.Release|x64.Build.0 = Release|Any CPU
		{679D0E19-C535-41EB-8BEF-A61F4EF69289}.Release|x86.ActiveCfg = Release|Any CPU
		{679D0E19-C535-41EB-8BEF-A61F4EF69289}.Release|x86.Build.0 = Release|Any CPU
		{6194A821-683F-421A-B971-CBFFA29FCFFD}.Debug|Any CPU.ActiveCfg = Debug|Any CPU
		{6194A821-683F-421A-B971-CBFFA29FCFFD}.Debug|Any CPU.Build.0 = Debug|Any CPU
		{6194A821-683F-421A-B971-CBFFA29FCFFD}.Debug|x64.ActiveCfg = Debug|Any CPU
		{6194A821-683F-421A-B971-CBFFA29FCFFD}.Debug|x64.Build.0 = Debug|Any CPU
		{6194A821-683F-421A-B971-CBFFA29FCFFD}.Debug|x86.ActiveCfg = Debug|Any CPU
		{6194A821-683F-421A-B971-CBFFA29FCFFD}.Debug|x86.Build.0 = Debug|Any CPU
		{6194A821-683F-421A-B971-CBFFA29FCFFD}.Release|Any CPU.ActiveCfg = Release|Any CPU
		{6194A821-683F-421A-B971-CBFFA29FCFFD}.Release|Any CPU.Build.0 = Release|Any CPU
		{6194A821-683F-421A-B971-CBFFA29FCFFD}.Release|x64.ActiveCfg = Release|Any CPU
		{6194A821-683F-421A-B971-CBFFA29FCFFD}.Release|x64.Build.0 = Release|Any CPU
		{6194A821-683F-421A-B971-CBFFA29FCFFD}.Release|x86.ActiveCfg = Release|Any CPU
		{6194A821-683F-421A-B971-CBFFA29FCFFD}.Release|x86.Build.0 = Release|Any CPU
		{19AF7DD2-2B68-42B0-8B9D-9F9E99D31406}.Debug|Any CPU.ActiveCfg = Debug|Any CPU
		{19AF7DD2-2B68-42B0-8B9D-9F9E99D31406}.Debug|Any CPU.Build.0 = Debug|Any CPU
		{19AF7DD2-2B68-42B0-8B9D-9F9E99D31406}.Debug|x64.ActiveCfg = Debug|Any CPU
		{19AF7DD2-2B68-42B0-8B9D-9F9E99D31406}.Debug|x64.Build.0 = Debug|Any CPU
		{19AF7DD2-2B68-42B0-8B9D-9F9E99D31406}.Debug|x86.ActiveCfg = Debug|Any CPU
		{19AF7DD2-2B68-42B0-8B9D-9F9E99D31406}.Debug|x86.Build.0 = Debug|Any CPU
		{19AF7DD2-2B68-42B0-8B9D-9F9E99D31406}.Release|Any CPU.ActiveCfg = Release|Any CPU
		{19AF7DD2-2B68-42B0-8B9D-9F9E99D31406}.Release|Any CPU.Build.0 = Release|Any CPU
		{19AF7DD2-2B68-42B0-8B9D-9F9E99D31406}.Release|x64.ActiveCfg = Release|Any CPU
		{19AF7DD2-2B68-42B0-8B9D-9F9E99D31406}.Release|x64.Build.0 = Release|Any CPU
		{19AF7DD2-2B68-42B0-8B9D-9F9E99D31406}.Release|x86.ActiveCfg = Release|Any CPU
		{19AF7DD2-2B68-42B0-8B9D-9F9E99D31406}.Release|x86.Build.0 = Release|Any CPU
		{9CBABC04-9283-419D-84F9-4D7E671C2F1A}.Debug|Any CPU.ActiveCfg = Debug|Any CPU
		{9CBABC04-9283-419D-84F9-4D7E671C2F1A}.Debug|Any CPU.Build.0 = Debug|Any CPU
		{9CBABC04-9283-419D-84F9-4D7E671C2F1A}.Debug|x64.ActiveCfg = Debug|Any CPU
		{9CBABC04-9283-419D-84F9-4D7E671C2F1A}.Debug|x64.Build.0 = Debug|Any CPU
		{9CBABC04-9283-419D-84F9-4D7E671C2F1A}.Debug|x86.ActiveCfg = Debug|Any CPU
		{9CBABC04-9283-419D-84F9-4D7E671C2F1A}.Debug|x86.Build.0 = Debug|Any CPU
		{9CBABC04-9283-419D-84F9-4D7E671C2F1A}.Release|Any CPU.ActiveCfg = Release|Any CPU
		{9CBABC04-9283-419D-84F9-4D7E671C2F1A}.Release|Any CPU.Build.0 = Release|Any CPU
		{9CBABC04-9283-419D-84F9-4D7E671C2F1A}.Release|x64.ActiveCfg = Release|Any CPU
		{9CBABC04-9283-419D-84F9-4D7E671C2F1A}.Release|x64.Build.0 = Release|Any CPU
		{9CBABC04-9283-419D-84F9-4D7E671C2F1A}.Release|x86.ActiveCfg = Release|Any CPU
		{9CBABC04-9283-419D-84F9-4D7E671C2F1A}.Release|x86.Build.0 = Release|Any CPU
		{F4BC0970-892A-4E10-8D09-621F9BBD28C2}.Debug|Any CPU.ActiveCfg = Debug|Any CPU
		{F4BC0970-892A-4E10-8D09-621F9BBD28C2}.Debug|Any CPU.Build.0 = Debug|Any CPU
		{F4BC0970-892A-4E10-8D09-621F9BBD28C2}.Debug|x64.ActiveCfg = Debug|Any CPU
		{F4BC0970-892A-4E10-8D09-621F9BBD28C2}.Debug|x64.Build.0 = Debug|Any CPU
		{F4BC0970-892A-4E10-8D09-621F9BBD28C2}.Debug|x86.ActiveCfg = Debug|Any CPU
		{F4BC0970-892A-4E10-8D09-621F9BBD28C2}.Debug|x86.Build.0 = Debug|Any CPU
		{F4BC0970-892A-4E10-8D09-621F9BBD28C2}.Release|Any CPU.ActiveCfg = Release|Any CPU
		{F4BC0970-892A-4E10-8D09-621F9BBD28C2}.Release|Any CPU.Build.0 = Release|Any CPU
		{F4BC0970-892A-4E10-8D09-621F9BBD28C2}.Release|x64.ActiveCfg = Release|Any CPU
		{F4BC0970-892A-4E10-8D09-621F9BBD28C2}.Release|x64.Build.0 = Release|Any CPU
		{F4BC0970-892A-4E10-8D09-621F9BBD28C2}.Release|x86.ActiveCfg = Release|Any CPU
		{F4BC0970-892A-4E10-8D09-621F9BBD28C2}.Release|x86.Build.0 = Release|Any CPU
		{AC82C42A-7EAF-4647-AB27-DC8471CB489C}.Debug|Any CPU.ActiveCfg = Debug|Any CPU
		{AC82C42A-7EAF-4647-AB27-DC8471CB489C}.Debug|Any CPU.Build.0 = Debug|Any CPU
		{AC82C42A-7EAF-4647-AB27-DC8471CB489C}.Debug|x64.ActiveCfg = Debug|Any CPU
		{AC82C42A-7EAF-4647-AB27-DC8471CB489C}.Debug|x64.Build.0 = Debug|Any CPU
		{AC82C42A-7EAF-4647-AB27-DC8471CB489C}.Debug|x86.ActiveCfg = Debug|Any CPU
		{AC82C42A-7EAF-4647-AB27-DC8471CB489C}.Debug|x86.Build.0 = Debug|Any CPU
		{AC82C42A-7EAF-4647-AB27-DC8471CB489C}.Release|Any CPU.ActiveCfg = Release|Any CPU
		{AC82C42A-7EAF-4647-AB27-DC8471CB489C}.Release|Any CPU.Build.0 = Release|Any CPU
		{AC82C42A-7EAF-4647-AB27-DC8471CB489C}.Release|x64.ActiveCfg = Release|Any CPU
		{AC82C42A-7EAF-4647-AB27-DC8471CB489C}.Release|x64.Build.0 = Release|Any CPU
		{AC82C42A-7EAF-4647-AB27-DC8471CB489C}.Release|x86.ActiveCfg = Release|Any CPU
		{AC82C42A-7EAF-4647-AB27-DC8471CB489C}.Release|x86.Build.0 = Release|Any CPU
		{C8A046CC-3666-4979-9750-A74D9FE1E058}.Debug|Any CPU.ActiveCfg = Debug|Any CPU
		{C8A046CC-3666-4979-9750-A74D9FE1E058}.Debug|Any CPU.Build.0 = Debug|Any CPU
		{C8A046CC-3666-4979-9750-A74D9FE1E058}.Debug|x64.ActiveCfg = Debug|Any CPU
		{C8A046CC-3666-4979-9750-A74D9FE1E058}.Debug|x64.Build.0 = Debug|Any CPU
		{C8A046CC-3666-4979-9750-A74D9FE1E058}.Debug|x86.ActiveCfg = Debug|Any CPU
		{C8A046CC-3666-4979-9750-A74D9FE1E058}.Debug|x86.Build.0 = Debug|Any CPU
		{C8A046CC-3666-4979-9750-A74D9FE1E058}.Release|Any CPU.ActiveCfg = Release|Any CPU
		{C8A046CC-3666-4979-9750-A74D9FE1E058}.Release|Any CPU.Build.0 = Release|Any CPU
		{C8A046CC-3666-4979-9750-A74D9FE1E058}.Release|x64.ActiveCfg = Release|Any CPU
		{C8A046CC-3666-4979-9750-A74D9FE1E058}.Release|x64.Build.0 = Release|Any CPU
		{C8A046CC-3666-4979-9750-A74D9FE1E058}.Release|x86.ActiveCfg = Release|Any CPU
		{C8A046CC-3666-4979-9750-A74D9FE1E058}.Release|x86.Build.0 = Release|Any CPU
		{0DC65533-4D6B-4C43-92BE-08B10B4012D6}.Debug|Any CPU.ActiveCfg = Debug|Any CPU
		{0DC65533-4D6B-4C43-92BE-08B10B4012D6}.Debug|Any CPU.Build.0 = Debug|Any CPU
		{0DC65533-4D6B-4C43-92BE-08B10B4012D6}.Debug|x64.ActiveCfg = Debug|Any CPU
		{0DC65533-4D6B-4C43-92BE-08B10B4012D6}.Debug|x64.Build.0 = Debug|Any CPU
		{0DC65533-4D6B-4C43-92BE-08B10B4012D6}.Debug|x86.ActiveCfg = Debug|Any CPU
		{0DC65533-4D6B-4C43-92BE-08B10B4012D6}.Debug|x86.Build.0 = Debug|Any CPU
		{0DC65533-4D6B-4C43-92BE-08B10B4012D6}.Release|Any CPU.ActiveCfg = Release|Any CPU
		{0DC65533-4D6B-4C43-92BE-08B10B4012D6}.Release|Any CPU.Build.0 = Release|Any CPU
		{0DC65533-4D6B-4C43-92BE-08B10B4012D6}.Release|x64.ActiveCfg = Release|Any CPU
		{0DC65533-4D6B-4C43-92BE-08B10B4012D6}.Release|x64.Build.0 = Release|Any CPU
		{0DC65533-4D6B-4C43-92BE-08B10B4012D6}.Release|x86.ActiveCfg = Release|Any CPU
		{0DC65533-4D6B-4C43-92BE-08B10B4012D6}.Release|x86.Build.0 = Release|Any CPU
		{A0DC7362-C611-412E-BB29-56D861516A19}.Debug|Any CPU.ActiveCfg = Debug|Any CPU
		{A0DC7362-C611-412E-BB29-56D861516A19}.Debug|Any CPU.Build.0 = Debug|Any CPU
		{A0DC7362-C611-412E-BB29-56D861516A19}.Debug|x64.ActiveCfg = Debug|Any CPU
		{A0DC7362-C611-412E-BB29-56D861516A19}.Debug|x64.Build.0 = Debug|Any CPU
		{A0DC7362-C611-412E-BB29-56D861516A19}.Debug|x86.ActiveCfg = Debug|Any CPU
		{A0DC7362-C611-412E-BB29-56D861516A19}.Debug|x86.Build.0 = Debug|Any CPU
		{A0DC7362-C611-412E-BB29-56D861516A19}.Release|Any CPU.ActiveCfg = Release|Any CPU
		{A0DC7362-C611-412E-BB29-56D861516A19}.Release|Any CPU.Build.0 = Release|Any CPU
		{A0DC7362-C611-412E-BB29-56D861516A19}.Release|x64.ActiveCfg = Release|Any CPU
		{A0DC7362-C611-412E-BB29-56D861516A19}.Release|x64.Build.0 = Release|Any CPU
		{A0DC7362-C611-412E-BB29-56D861516A19}.Release|x86.ActiveCfg = Release|Any CPU
		{A0DC7362-C611-412E-BB29-56D861516A19}.Release|x86.Build.0 = Release|Any CPU
		{6248ECE5-6B28-43EA-9C13-BF07BD76BBC3}.Debug|Any CPU.ActiveCfg = Debug|Any CPU
		{6248ECE5-6B28-43EA-9C13-BF07BD76BBC3}.Debug|Any CPU.Build.0 = Debug|Any CPU
		{6248ECE5-6B28-43EA-9C13-BF07BD76BBC3}.Debug|x64.ActiveCfg = Debug|Any CPU
		{6248ECE5-6B28-43EA-9C13-BF07BD76BBC3}.Debug|x64.Build.0 = Debug|Any CPU
		{6248ECE5-6B28-43EA-9C13-BF07BD76BBC3}.Debug|x86.ActiveCfg = Debug|Any CPU
		{6248ECE5-6B28-43EA-9C13-BF07BD76BBC3}.Debug|x86.Build.0 = Debug|Any CPU
		{6248ECE5-6B28-43EA-9C13-BF07BD76BBC3}.Release|Any CPU.ActiveCfg = Release|Any CPU
		{6248ECE5-6B28-43EA-9C13-BF07BD76BBC3}.Release|Any CPU.Build.0 = Release|Any CPU
		{6248ECE5-6B28-43EA-9C13-BF07BD76BBC3}.Release|x64.ActiveCfg = Release|Any CPU
		{6248ECE5-6B28-43EA-9C13-BF07BD76BBC3}.Release|x64.Build.0 = Release|Any CPU
		{6248ECE5-6B28-43EA-9C13-BF07BD76BBC3}.Release|x86.ActiveCfg = Release|Any CPU
		{6248ECE5-6B28-43EA-9C13-BF07BD76BBC3}.Release|x86.Build.0 = Release|Any CPU
		{32C5D0A2-6ED3-46FD-A16A-F5CBB5EDFA7A}.Debug|Any CPU.ActiveCfg = Debug|Any CPU
		{32C5D0A2-6ED3-46FD-A16A-F5CBB5EDFA7A}.Debug|Any CPU.Build.0 = Debug|Any CPU
		{32C5D0A2-6ED3-46FD-A16A-F5CBB5EDFA7A}.Debug|x64.ActiveCfg = Debug|Any CPU
		{32C5D0A2-6ED3-46FD-A16A-F5CBB5EDFA7A}.Debug|x64.Build.0 = Debug|Any CPU
		{32C5D0A2-6ED3-46FD-A16A-F5CBB5EDFA7A}.Debug|x86.ActiveCfg = Debug|Any CPU
		{32C5D0A2-6ED3-46FD-A16A-F5CBB5EDFA7A}.Debug|x86.Build.0 = Debug|Any CPU
		{32C5D0A2-6ED3-46FD-A16A-F5CBB5EDFA7A}.Release|Any CPU.ActiveCfg = Release|Any CPU
		{32C5D0A2-6ED3-46FD-A16A-F5CBB5EDFA7A}.Release|Any CPU.Build.0 = Release|Any CPU
		{32C5D0A2-6ED3-46FD-A16A-F5CBB5EDFA7A}.Release|x64.ActiveCfg = Release|Any CPU
		{32C5D0A2-6ED3-46FD-A16A-F5CBB5EDFA7A}.Release|x64.Build.0 = Release|Any CPU
		{32C5D0A2-6ED3-46FD-A16A-F5CBB5EDFA7A}.Release|x86.ActiveCfg = Release|Any CPU
		{32C5D0A2-6ED3-46FD-A16A-F5CBB5EDFA7A}.Release|x86.Build.0 = Release|Any CPU
		{AB7F5A27-6885-4CC4-9680-5119B3A2F2AC}.Debug|Any CPU.ActiveCfg = Debug|Any CPU
		{AB7F5A27-6885-4CC4-9680-5119B3A2F2AC}.Debug|Any CPU.Build.0 = Debug|Any CPU
		{AB7F5A27-6885-4CC4-9680-5119B3A2F2AC}.Debug|x64.ActiveCfg = Debug|Any CPU
		{AB7F5A27-6885-4CC4-9680-5119B3A2F2AC}.Debug|x64.Build.0 = Debug|Any CPU
		{AB7F5A27-6885-4CC4-9680-5119B3A2F2AC}.Debug|x86.ActiveCfg = Debug|Any CPU
		{AB7F5A27-6885-4CC4-9680-5119B3A2F2AC}.Debug|x86.Build.0 = Debug|Any CPU
		{AB7F5A27-6885-4CC4-9680-5119B3A2F2AC}.Release|Any CPU.ActiveCfg = Release|Any CPU
		{AB7F5A27-6885-4CC4-9680-5119B3A2F2AC}.Release|Any CPU.Build.0 = Release|Any CPU
		{AB7F5A27-6885-4CC4-9680-5119B3A2F2AC}.Release|x64.ActiveCfg = Release|Any CPU
		{AB7F5A27-6885-4CC4-9680-5119B3A2F2AC}.Release|x64.Build.0 = Release|Any CPU
		{AB7F5A27-6885-4CC4-9680-5119B3A2F2AC}.Release|x86.ActiveCfg = Release|Any CPU
		{AB7F5A27-6885-4CC4-9680-5119B3A2F2AC}.Release|x86.Build.0 = Release|Any CPU
		{A56BA8B3-0D37-4151-9DD4-7C6FE31D864D}.Debug|Any CPU.ActiveCfg = Debug|Any CPU
		{A56BA8B3-0D37-4151-9DD4-7C6FE31D864D}.Debug|Any CPU.Build.0 = Debug|Any CPU
		{A56BA8B3-0D37-4151-9DD4-7C6FE31D864D}.Debug|x64.ActiveCfg = Debug|Any CPU
		{A56BA8B3-0D37-4151-9DD4-7C6FE31D864D}.Debug|x64.Build.0 = Debug|Any CPU
		{A56BA8B3-0D37-4151-9DD4-7C6FE31D864D}.Debug|x86.ActiveCfg = Debug|Any CPU
		{A56BA8B3-0D37-4151-9DD4-7C6FE31D864D}.Debug|x86.Build.0 = Debug|Any CPU
		{A56BA8B3-0D37-4151-9DD4-7C6FE31D864D}.Release|Any CPU.ActiveCfg = Release|Any CPU
		{A56BA8B3-0D37-4151-9DD4-7C6FE31D864D}.Release|Any CPU.Build.0 = Release|Any CPU
		{A56BA8B3-0D37-4151-9DD4-7C6FE31D864D}.Release|x64.ActiveCfg = Release|Any CPU
		{A56BA8B3-0D37-4151-9DD4-7C6FE31D864D}.Release|x64.Build.0 = Release|Any CPU
		{A56BA8B3-0D37-4151-9DD4-7C6FE31D864D}.Release|x86.ActiveCfg = Release|Any CPU
		{A56BA8B3-0D37-4151-9DD4-7C6FE31D864D}.Release|x86.Build.0 = Release|Any CPU
		{0680EFE3-A40A-4B4D-B8D3-F22761B0852A}.Debug|Any CPU.ActiveCfg = Debug|Any CPU
		{0680EFE3-A40A-4B4D-B8D3-F22761B0852A}.Debug|Any CPU.Build.0 = Debug|Any CPU
		{0680EFE3-A40A-4B4D-B8D3-F22761B0852A}.Debug|x64.ActiveCfg = Debug|Any CPU
		{0680EFE3-A40A-4B4D-B8D3-F22761B0852A}.Debug|x64.Build.0 = Debug|Any CPU
		{0680EFE3-A40A-4B4D-B8D3-F22761B0852A}.Debug|x86.ActiveCfg = Debug|Any CPU
		{0680EFE3-A40A-4B4D-B8D3-F22761B0852A}.Debug|x86.Build.0 = Debug|Any CPU
		{0680EFE3-A40A-4B4D-B8D3-F22761B0852A}.Release|Any CPU.ActiveCfg = Release|Any CPU
		{0680EFE3-A40A-4B4D-B8D3-F22761B0852A}.Release|Any CPU.Build.0 = Release|Any CPU
		{0680EFE3-A40A-4B4D-B8D3-F22761B0852A}.Release|x64.ActiveCfg = Release|Any CPU
		{0680EFE3-A40A-4B4D-B8D3-F22761B0852A}.Release|x64.Build.0 = Release|Any CPU
		{0680EFE3-A40A-4B4D-B8D3-F22761B0852A}.Release|x86.ActiveCfg = Release|Any CPU
		{0680EFE3-A40A-4B4D-B8D3-F22761B0852A}.Release|x86.Build.0 = Release|Any CPU
		{6F455899-C889-4D89-BD48-C26E1D23602E}.Debug|Any CPU.ActiveCfg = Debug|Any CPU
		{6F455899-C889-4D89-BD48-C26E1D23602E}.Debug|Any CPU.Build.0 = Debug|Any CPU
		{6F455899-C889-4D89-BD48-C26E1D23602E}.Debug|x64.ActiveCfg = Debug|Any CPU
		{6F455899-C889-4D89-BD48-C26E1D23602E}.Debug|x64.Build.0 = Debug|Any CPU
		{6F455899-C889-4D89-BD48-C26E1D23602E}.Debug|x86.ActiveCfg = Debug|Any CPU
		{6F455899-C889-4D89-BD48-C26E1D23602E}.Debug|x86.Build.0 = Debug|Any CPU
		{6F455899-C889-4D89-BD48-C26E1D23602E}.Release|Any CPU.ActiveCfg = Release|Any CPU
		{6F455899-C889-4D89-BD48-C26E1D23602E}.Release|Any CPU.Build.0 = Release|Any CPU
		{6F455899-C889-4D89-BD48-C26E1D23602E}.Release|x64.ActiveCfg = Release|Any CPU
		{6F455899-C889-4D89-BD48-C26E1D23602E}.Release|x64.Build.0 = Release|Any CPU
		{6F455899-C889-4D89-BD48-C26E1D23602E}.Release|x86.ActiveCfg = Release|Any CPU
		{6F455899-C889-4D89-BD48-C26E1D23602E}.Release|x86.Build.0 = Release|Any CPU
		{235E3CE9-F659-4127-B92F-D60ADBA524B2}.Debug|Any CPU.ActiveCfg = Debug|Any CPU
		{235E3CE9-F659-4127-B92F-D60ADBA524B2}.Debug|Any CPU.Build.0 = Debug|Any CPU
		{235E3CE9-F659-4127-B92F-D60ADBA524B2}.Debug|x64.ActiveCfg = Debug|Any CPU
		{235E3CE9-F659-4127-B92F-D60ADBA524B2}.Debug|x64.Build.0 = Debug|Any CPU
		{235E3CE9-F659-4127-B92F-D60ADBA524B2}.Debug|x86.ActiveCfg = Debug|Any CPU
		{235E3CE9-F659-4127-B92F-D60ADBA524B2}.Debug|x86.Build.0 = Debug|Any CPU
		{235E3CE9-F659-4127-B92F-D60ADBA524B2}.Release|Any CPU.ActiveCfg = Release|Any CPU
		{235E3CE9-F659-4127-B92F-D60ADBA524B2}.Release|Any CPU.Build.0 = Release|Any CPU
		{235E3CE9-F659-4127-B92F-D60ADBA524B2}.Release|x64.ActiveCfg = Release|Any CPU
		{235E3CE9-F659-4127-B92F-D60ADBA524B2}.Release|x64.Build.0 = Release|Any CPU
		{235E3CE9-F659-4127-B92F-D60ADBA524B2}.Release|x86.ActiveCfg = Release|Any CPU
		{235E3CE9-F659-4127-B92F-D60ADBA524B2}.Release|x86.Build.0 = Release|Any CPU
		{5D6B07C9-6D4D-41A6-B341-BC7A0A42E1F8}.Debug|Any CPU.ActiveCfg = Debug|Any CPU
		{5D6B07C9-6D4D-41A6-B341-BC7A0A42E1F8}.Debug|Any CPU.Build.0 = Debug|Any CPU
		{5D6B07C9-6D4D-41A6-B341-BC7A0A42E1F8}.Debug|x64.ActiveCfg = Debug|Any CPU
		{5D6B07C9-6D4D-41A6-B341-BC7A0A42E1F8}.Debug|x64.Build.0 = Debug|Any CPU
		{5D6B07C9-6D4D-41A6-B341-BC7A0A42E1F8}.Debug|x86.ActiveCfg = Debug|Any CPU
		{5D6B07C9-6D4D-41A6-B341-BC7A0A42E1F8}.Debug|x86.Build.0 = Debug|Any CPU
		{5D6B07C9-6D4D-41A6-B341-BC7A0A42E1F8}.Release|Any CPU.ActiveCfg = Release|Any CPU
		{5D6B07C9-6D4D-41A6-B341-BC7A0A42E1F8}.Release|Any CPU.Build.0 = Release|Any CPU
		{5D6B07C9-6D4D-41A6-B341-BC7A0A42E1F8}.Release|x64.ActiveCfg = Release|Any CPU
		{5D6B07C9-6D4D-41A6-B341-BC7A0A42E1F8}.Release|x64.Build.0 = Release|Any CPU
		{5D6B07C9-6D4D-41A6-B341-BC7A0A42E1F8}.Release|x86.ActiveCfg = Release|Any CPU
		{5D6B07C9-6D4D-41A6-B341-BC7A0A42E1F8}.Release|x86.Build.0 = Release|Any CPU
		{1A853F46-38ED-44DE-A7ED-1D2B63F54F85}.Debug|Any CPU.ActiveCfg = Debug|Any CPU
		{1A853F46-38ED-44DE-A7ED-1D2B63F54F85}.Debug|Any CPU.Build.0 = Debug|Any CPU
		{1A853F46-38ED-44DE-A7ED-1D2B63F54F85}.Debug|x64.ActiveCfg = Debug|Any CPU
		{1A853F46-38ED-44DE-A7ED-1D2B63F54F85}.Debug|x64.Build.0 = Debug|Any CPU
		{1A853F46-38ED-44DE-A7ED-1D2B63F54F85}.Debug|x86.ActiveCfg = Debug|Any CPU
		{1A853F46-38ED-44DE-A7ED-1D2B63F54F85}.Debug|x86.Build.0 = Debug|Any CPU
		{1A853F46-38ED-44DE-A7ED-1D2B63F54F85}.Release|Any CPU.ActiveCfg = Release|Any CPU
		{1A853F46-38ED-44DE-A7ED-1D2B63F54F85}.Release|Any CPU.Build.0 = Release|Any CPU
		{1A853F46-38ED-44DE-A7ED-1D2B63F54F85}.Release|x64.ActiveCfg = Release|Any CPU
		{1A853F46-38ED-44DE-A7ED-1D2B63F54F85}.Release|x64.Build.0 = Release|Any CPU
		{1A853F46-38ED-44DE-A7ED-1D2B63F54F85}.Release|x86.ActiveCfg = Release|Any CPU
		{1A853F46-38ED-44DE-A7ED-1D2B63F54F85}.Release|x86.Build.0 = Release|Any CPU
		{A8EA582C-AAFE-4D1F-B2CB-1B21248AC647}.Debug|Any CPU.ActiveCfg = Debug|Any CPU
		{A8EA582C-AAFE-4D1F-B2CB-1B21248AC647}.Debug|Any CPU.Build.0 = Debug|Any CPU
		{A8EA582C-AAFE-4D1F-B2CB-1B21248AC647}.Debug|x64.ActiveCfg = Debug|Any CPU
		{A8EA582C-AAFE-4D1F-B2CB-1B21248AC647}.Debug|x64.Build.0 = Debug|Any CPU
		{A8EA582C-AAFE-4D1F-B2CB-1B21248AC647}.Debug|x86.ActiveCfg = Debug|Any CPU
		{A8EA582C-AAFE-4D1F-B2CB-1B21248AC647}.Debug|x86.Build.0 = Debug|Any CPU
		{A8EA582C-AAFE-4D1F-B2CB-1B21248AC647}.Release|Any CPU.ActiveCfg = Release|Any CPU
		{A8EA582C-AAFE-4D1F-B2CB-1B21248AC647}.Release|Any CPU.Build.0 = Release|Any CPU
		{A8EA582C-AAFE-4D1F-B2CB-1B21248AC647}.Release|x64.ActiveCfg = Release|Any CPU
		{A8EA582C-AAFE-4D1F-B2CB-1B21248AC647}.Release|x64.Build.0 = Release|Any CPU
		{A8EA582C-AAFE-4D1F-B2CB-1B21248AC647}.Release|x86.ActiveCfg = Release|Any CPU
		{A8EA582C-AAFE-4D1F-B2CB-1B21248AC647}.Release|x86.Build.0 = Release|Any CPU
		{7CAD6C8C-3242-4AD5-A843-B2D96E2D7E22}.Debug|Any CPU.ActiveCfg = Debug|Any CPU
		{7CAD6C8C-3242-4AD5-A843-B2D96E2D7E22}.Debug|Any CPU.Build.0 = Debug|Any CPU
		{7CAD6C8C-3242-4AD5-A843-B2D96E2D7E22}.Debug|x64.ActiveCfg = Debug|Any CPU
		{7CAD6C8C-3242-4AD5-A843-B2D96E2D7E22}.Debug|x64.Build.0 = Debug|Any CPU
		{7CAD6C8C-3242-4AD5-A843-B2D96E2D7E22}.Debug|x86.ActiveCfg = Debug|Any CPU
		{7CAD6C8C-3242-4AD5-A843-B2D96E2D7E22}.Debug|x86.Build.0 = Debug|Any CPU
		{7CAD6C8C-3242-4AD5-A843-B2D96E2D7E22}.Release|Any CPU.ActiveCfg = Release|Any CPU
		{7CAD6C8C-3242-4AD5-A843-B2D96E2D7E22}.Release|Any CPU.Build.0 = Release|Any CPU
		{7CAD6C8C-3242-4AD5-A843-B2D96E2D7E22}.Release|x64.ActiveCfg = Release|Any CPU
		{7CAD6C8C-3242-4AD5-A843-B2D96E2D7E22}.Release|x64.Build.0 = Release|Any CPU
		{7CAD6C8C-3242-4AD5-A843-B2D96E2D7E22}.Release|x86.ActiveCfg = Release|Any CPU
		{7CAD6C8C-3242-4AD5-A843-B2D96E2D7E22}.Release|x86.Build.0 = Release|Any CPU
		{553FE8FE-E62F-4C55-8C65-CE24F1F85878}.Debug|Any CPU.ActiveCfg = Debug|Any CPU
		{553FE8FE-E62F-4C55-8C65-CE24F1F85878}.Debug|Any CPU.Build.0 = Debug|Any CPU
		{553FE8FE-E62F-4C55-8C65-CE24F1F85878}.Debug|x64.ActiveCfg = Debug|Any CPU
		{553FE8FE-E62F-4C55-8C65-CE24F1F85878}.Debug|x64.Build.0 = Debug|Any CPU
		{553FE8FE-E62F-4C55-8C65-CE24F1F85878}.Debug|x86.ActiveCfg = Debug|Any CPU
		{553FE8FE-E62F-4C55-8C65-CE24F1F85878}.Debug|x86.Build.0 = Debug|Any CPU
		{553FE8FE-E62F-4C55-8C65-CE24F1F85878}.Release|Any CPU.ActiveCfg = Release|Any CPU
		{553FE8FE-E62F-4C55-8C65-CE24F1F85878}.Release|Any CPU.Build.0 = Release|Any CPU
		{553FE8FE-E62F-4C55-8C65-CE24F1F85878}.Release|x64.ActiveCfg = Release|Any CPU
		{553FE8FE-E62F-4C55-8C65-CE24F1F85878}.Release|x64.Build.0 = Release|Any CPU
		{553FE8FE-E62F-4C55-8C65-CE24F1F85878}.Release|x86.ActiveCfg = Release|Any CPU
		{553FE8FE-E62F-4C55-8C65-CE24F1F85878}.Release|x86.Build.0 = Release|Any CPU
	EndGlobalSection
	GlobalSection(SolutionProperties) = preSolution
		HideSolutionNode = FALSE
	EndGlobalSection
	GlobalSection(NestedProjects) = preSolution
		{6D5880AB-18BB-42B2-BAD0-3C6363444658} = {7E7E8A2E-8E6D-4AE5-BA9A-B0E1BA580A7E}
		{A1B2C3D4-E5F6-7890-A1B2-C3D4E5F67890} = {7E7E8A2E-8E6D-4AE5-BA9A-B0E1BA580A7E}
		{B2C3D4E5-F6A1-8901-B2C3-D4E5F6A18901} = {7E7E8A2E-8E6D-4AE5-BA9A-B0E1BA580A7E}
		{C3D4E5F6-A1B2-9012-C3D4-E5F6A1B29012} = {7E7E8A2E-8E6D-4AE5-BA9A-B0E1BA580A7E}
		{D4E5F6A1-B2C3-0123-D4E5-F6A1B2C30123} = {7E7E8A2E-8E6D-4AE5-BA9A-B0E1BA580A7E}
		{E5F6A1B2-C3D4-1234-E5F6-A1B2C3D41234} = {7E7E8A2E-8E6D-4AE5-BA9A-B0E1BA580A7E}
		{F6A1B2C3-D4E5-2345-F6A1-B2C3D4E52345} = {FB0377D7-403D-4B4E-B880-8F647FDB90E1}
		{A1B2C3D4-E5F6-3456-A1B2-C3D4E5F63456} = {FB0377D7-403D-4B4E-B880-8F647FDB90E1}
		{B2C3D4E5-F6A1-4567-B2C3-D4E5F6A14567} = {FB0377D7-403D-4B4E-B880-8F647FDB90E1}
		{D52BCEBD-8C86-4E53-9953-1651DFB329D7} = {6D5880AB-18BB-42B2-BAD0-3C6363444658}
		{7286F8B3-F766-4631-BBE7-E1EFFBBA9F69} = {A1B2C3D4-E5F6-7890-A1B2-C3D4E5F67890}
		{8B60D3F0-A096-4B79-B17C-B12F83C33AD5} = {A1B2C3D4-E5F6-7890-A1B2-C3D4E5F67890}
		{35E98E4E-21C0-4BAB-A443-17C7A8BCCF96} = {A1B2C3D4-E5F6-7890-A1B2-C3D4E5F67890}
		{679D0E19-C535-41EB-8BEF-A61F4EF69289} = {B2C3D4E5-F6A1-8901-B2C3-D4E5F6A18901}
		{6194A821-683F-421A-B971-CBFFA29FCFFD} = {C3D4E5F6-A1B2-9012-C3D4-E5F6A1B29012}
		{19AF7DD2-2B68-42B0-8B9D-9F9E99D31406} = {C3D4E5F6-A1B2-9012-C3D4-E5F6A1B29012}
		{9CBABC04-9283-419D-84F9-4D7E671C2F1A} = {C3D4E5F6-A1B2-9012-C3D4-E5F6A1B29012}
		{F4BC0970-892A-4E10-8D09-621F9BBD28C2} = {D4E5F6A1-B2C3-0123-D4E5-F6A1B2C30123}
		{AC82C42A-7EAF-4647-AB27-DC8471CB489C} = {D4E5F6A1-B2C3-0123-D4E5-F6A1B2C30123}
		{C8A046CC-3666-4979-9750-A74D9FE1E058} = {E5F6A1B2-C3D4-1234-E5F6-A1B2C3D41234}
		{0DC65533-4D6B-4C43-92BE-08B10B4012D6} = {E5F6A1B2-C3D4-1234-E5F6-A1B2C3D41234}
		{A0DC7362-C611-412E-BB29-56D861516A19} = {E5F6A1B2-C3D4-1234-E5F6-A1B2C3D41234}
		{6248ECE5-6B28-43EA-9C13-BF07BD76BBC3} = {F6A1B2C3-D4E5-2345-F6A1-B2C3D4E52345}
		{32C5D0A2-6ED3-46FD-A16A-F5CBB5EDFA7A} = {A1B2C3D4-E5F6-3456-A1B2-C3D4E5F63456}
		{AB7F5A27-6885-4CC4-9680-5119B3A2F2AC} = {A1B2C3D4-E5F6-3456-A1B2-C3D4E5F63456}
		{A56BA8B3-0D37-4151-9DD4-7C6FE31D864D} = {A1B2C3D4-E5F6-3456-A1B2-C3D4E5F63456}
		{0680EFE3-A40A-4B4D-B8D3-F22761B0852A} = {A1B2C3D4-E5F6-3456-A1B2-C3D4E5F63456}
		{6F455899-C889-4D89-BD48-C26E1D23602E} = {A1B2C3D4-E5F6-3456-A1B2-C3D4E5F63456}
		{235E3CE9-F659-4127-B92F-D60ADBA524B2} = {A1B2C3D4-E5F6-3456-A1B2-C3D4E5F63456}
		{5D6B07C9-6D4D-41A6-B341-BC7A0A42E1F8} = {A1B2C3D4-E5F6-3456-A1B2-C3D4E5F63456}
		{1A853F46-38ED-44DE-A7ED-1D2B63F54F85} = {B2C3D4E5-F6A1-4567-B2C3-D4E5F6A14567}
		{A8EA582C-AAFE-4D1F-B2CB-1B21248AC647} = {B2C3D4E5-F6A1-4567-B2C3-D4E5F6A14567}
		{7CAD6C8C-3242-4AD5-A843-B2D96E2D7E22} = {B2C3D4E5-F6A1-4567-B2C3-D4E5F6A14567}
		{553FE8FE-E62F-4C55-8C65-CE24F1F85878} = {6D5880AB-18BB-42B2-BAD0-3C6363444658}
	EndGlobalSection
EndGlobal
